Microsoft Visual Studio Solution File, Format Version 12.00
# Visual Studio Version 18
VisualStudioVersion = 18.2.11408.102
MinimumVisualStudioVersion = 10.0.40219.1
Project("{2150E333-8FDC-42A3-9474-1A3956D46DE8}") = "Backend", "Backend", "{8BC9CEB8-8B4A-11D0-8D11-00A0C91BC942}"
EndProject
Project("{2150E333-8FDC-42A3-9474-1A3956D46DE8}") = "Mobile", "Mobile", "{3AC096D0-A1C2-E12C-1390-A8335801FDAB}"
EndProject
Project("{2150E333-8FDC-42A3-9474-1A3956D46DE8}") = "Documentation", "Documentation", "{2150E333-8FDC-42A3-9474-1A3956D46DE8}"
	ProjectSection(SolutionItems) = preProject
		docs\00-project-overview.md = docs\00-project-overview.md
		docs\01-executive-summary.md = docs\01-executive-summary.md
		docs\02-technical-architecture.md = docs\02-technical-architecture.md
		docs\06-detailed-timeline.md = docs\06-detailed-timeline.md
		docs\14-FINAL-PROJECT-STATUS.md = docs\14-FINAL-PROJECT-STATUS.md
		docs\15-MOBILE-APP-VALIDATION-COMPLETE.md = docs\15-MOBILE-APP-VALIDATION-COMPLETE.md
		README.md = README.md
		STATUS.md = STATUS.md
	EndProjectSection
EndProject
Project("{FAE04EC0-301F-11D3-BF4B-00C04F79EFBC}") = "MedRemind.Core", "backend\MedRemind.Core\MedRemind.Core.csproj", "{3299EF0F-B7ED-41C1-AF25-39621BBC22DD}"
EndProject
Project("{FAE04EC0-301F-11D3-BF4B-00C04F79EFBC}") = "MedRemind.Services", "backend\MedRemind.Services\MedRemind.Services.csproj", "{E693E567-D58E-4670-8E2E-51151C7505C3}"
EndProject
Project("{FAE04EC0-301F-11D3-BF4B-00C04F79EFBC}") = "MedRemind.Tests", "backend\MedRemind.Tests\MedRemind.Tests.csproj", "{191A2489-0A11-4F9D-ABDE-3A02AFE9474B}"
EndProject
Project("{FAE04EC0-301F-11D3-BF4B-00C04F79EFBC}") = "MedRemind.API", "backend\MedRemind.API\MedRemind.API.csproj", "{CC9F9D02-CB40-487C-8B26-2169E0522565}"
EndProject
Project("{FAE04EC0-301F-11D3-BF4B-00C04F79EFBC}") = "MedRemind.Mobile", "mobile\MedRemind.Mobile\MedRemind.Mobile.csproj", "{9A19103F-16F7-4668-BE54-9A1E7A4F7556}"
EndProject
Project("{2150E333-8FDC-42A3-9474-1A3956D46DE8}") = "PWA", "PWA", "{29DA478A-EF6B-40BA-8C58-3C43DA0E3E7D}"
EndProject
Project("{FAE04EC0-301F-11D3-BF4B-00C04F79EFBC}") = "MedRemind.Web", "web\MedRemind.Web\MedRemind.Web.csproj", "{F59455D3-68B4-46F1-A034-7D9E7BEFCBC1}"
EndProject
Project("{2150E333-8FDC-42A3-9474-1A3956D46DE8}") = "Web", "Web", "{90B36EA6-9BDD-4B43-90B8-F9542E7538A9}"
EndProject
Global
	GlobalSection(SolutionConfigurationPlatforms) = preSolution
		Debug|Any CPU = Debug|Any CPU
		Debug|ARM64 = Debug|ARM64
		Debug|x64 = Debug|x64
		Debug|x86 = Debug|x86
		Release|Any CPU = Release|Any CPU
		Release|ARM64 = Release|ARM64
		Release|x64 = Release|x64
		Release|x86 = Release|x86
	EndGlobalSection
	GlobalSection(ProjectConfigurationPlatforms) = postSolution
		{3299EF0F-B7ED-41C1-AF25-39621BBC22DD}.Debug|Any CPU.ActiveCfg = Debug|Any CPU
		{3299EF0F-B7ED-41C1-AF25-39621BBC22DD}.Debug|Any CPU.Build.0 = Debug|Any CPU
		{3299EF0F-B7ED-41C1-AF25-39621BBC22DD}.Debug|ARM64.ActiveCfg = Debug|Any CPU
		{3299EF0F-B7ED-41C1-AF25-39621BBC22DD}.Debug|ARM64.Build.0 = Debug|Any CPU
		{3299EF0F-B7ED-41C1-AF25-39621BBC22DD}.Debug|x64.ActiveCfg = Debug|Any CPU
		{3299EF0F-B7ED-41C1-AF25-39621BBC22DD}.Debug|x64.Build.0 = Debug|Any CPU
		{3299EF0F-B7ED-41C1-AF25-39621BBC22DD}.Debug|x86.ActiveCfg = Debug|Any CPU
		{3299EF0F-B7ED-41C1-AF25-39621BBC22DD}.Debug|x86.Build.0 = Debug|Any CPU
		{3299EF0F-B7ED-41C1-AF25-39621BBC22DD}.Release|Any CPU.ActiveCfg = Release|Any CPU
		{3299EF0F-B7ED-41C1-AF25-39621BBC22DD}.Release|Any CPU.Build.0 = Release|Any CPU
		{3299EF0F-B7ED-41C1-AF25-39621BBC22DD}.Release|ARM64.ActiveCfg = Release|Any CPU
		{3299EF0F-B7ED-41C1-AF25-39621BBC22DD}.Release|ARM64.Build.0 = Release|Any CPU
		{3299EF0F-B7ED-41C1-AF25-39621BBC22DD}.Release|x64.ActiveCfg = Release|Any CPU
		{3299EF0F-B7ED-41C1-AF25-39621BBC22DD}.Release|x64.Build.0 = Release|Any CPU
		{3299EF0F-B7ED-41C1-AF25-39621BBC22DD}.Release|x86.ActiveCfg = Release|Any CPU
		{3299EF0F-B7ED-41C1-AF25-39621BBC22DD}.Release|x86.Build.0 = Release|Any CPU
		{E693E567-D58E-4670-8E2E-51151C7505C3}.Debug|Any CPU.ActiveCfg = Debug|Any CPU
		{E693E567-D58E-4670-8E2E-51151C7505C3}.Debug|Any CPU.Build.0 = Debug|Any CPU
		{E693E567-D58E-4670-8E2E-51151C7505C3}.Debug|ARM64.ActiveCfg = Debug|Any CPU
		{E693E567-D58E-4670-8E2E-51151C7505C3}.Debug|ARM64.Build.0 = Debug|Any CPU
		{E693E567-D58E-4670-8E2E-51151C7505C3}.Debug|x64.ActiveCfg = Debug|Any CPU
		{E693E567-D58E-4670-8E2E-51151C7505C3}.Debug|x64.Build.0 = Debug|Any CPU
		{E693E567-D58E-4670-8E2E-51151C7505C3}.Debug|x86.ActiveCfg = Debug|Any CPU
		{E693E567-D58E-4670-8E2E-51151C7505C3}.Debug|x86.Build.0 = Debug|Any CPU
		{E693E567-D58E-4670-8E2E-51151C7505C3}.Release|Any CPU.ActiveCfg = Release|Any CPU
		{E693E567-D58E-4670-8E2E-51151C7505C3}.Release|Any CPU.Build.0 = Release|Any CPU
		{E693E567-D58E-4670-8E2E-51151C7505C3}.Release|ARM64.ActiveCfg = Release|Any CPU
		{E693E567-D58E-4670-8E2E-51151C7505C3}.Release|ARM64.Build.0 = Release|Any CPU
		{E693E567-D58E-4670-8E2E-51151C7505C3}.Release|x64.ActiveCfg = Release|Any CPU
		{E693E567-D58E-4670-8E2E-51151C7505C3}.Release|x64.Build.0 = Release|Any CPU
		{E693E567-D58E-4670-8E2E-51151C7505C3}.Release|x86.ActiveCfg = Release|Any CPU
		{E693E567-D58E-4670-8E2E-51151C7505C3}.Release|x86.Build.0 = Release|Any CPU
		{191A2489-0A11-4F9D-ABDE-3A02AFE9474B}.Debug|Any CPU.ActiveCfg = Debug|Any CPU
		{191A2489-0A11-4F9D-ABDE-3A02AFE9474B}.Debug|Any CPU.Build.0 = Debug|Any CPU
		{191A2489-0A11-4F9D-ABDE-3A02AFE9474B}.Debug|ARM64.ActiveCfg = Debug|Any CPU
		{191A2489-0A11-4F9D-ABDE-3A02AFE9474B}.Debug|ARM64.Build.0 = Debug|Any CPU
		{191A2489-0A11-4F9D-ABDE-3A02AFE9474B}.Debug|x64.ActiveCfg = Debug|Any CPU
		{191A2489-0A11-4F9D-ABDE-3A02AFE9474B}.Debug|x64.Build.0 = Debug|Any CPU
		{191A2489-0A11-4F9D-ABDE-3A02AFE9474B}.Debug|x86.ActiveCfg = Debug|Any CPU
		{191A2489-0A11-4F9D-ABDE-3A02AFE9474B}.Debug|x86.Build.0 = Debug|Any CPU
		{191A2489-0A11-4F9D-ABDE-3A02AFE9474B}.Release|Any CPU.ActiveCfg = Release|Any CPU
		{191A2489-0A11-4F9D-ABDE-3A02AFE9474B}.Release|Any CPU.Build.0 = Release|Any CPU
		{191A2489-0A11-4F9D-ABDE-3A02AFE9474B}.Release|ARM64.ActiveCfg = Release|Any CPU
		{191A2489-0A11-4F9D-ABDE-3A02AFE9474B}.Release|ARM64.Build.0 = Release|Any CPU
		{191A2489-0A11-4F9D-ABDE-3A02AFE9474B}.Release|x64.ActiveCfg = Release|Any CPU
		{191A2489-0A11-4F9D-ABDE-3A02AFE9474B}.Release|x64.Build.0 = Release|Any CPU
		{191A2489-0A11-4F9D-ABDE-3A02AFE9474B}.Release|x86.ActiveCfg = Release|Any CPU
		{191A2489-0A11-4F9D-ABDE-3A02AFE9474B}.Release|x86.Build.0 = Release|Any CPU
		{CC9F9D02-CB40-487C-8B26-2169E0522565}.Debug|Any CPU.ActiveCfg = Debug|Any CPU
		{CC9F9D02-CB40-487C-8B26-2169E0522565}.Debug|Any CPU.Build.0 = Debug|Any CPU
		{CC9F9D02-CB40-487C-8B26-2169E0522565}.Debug|ARM64.ActiveCfg = Debug|Any CPU
		{CC9F9D02-CB40-487C-8B26-2169E0522565}.Debug|ARM64.Build.0 = Debug|Any CPU
		{CC9F9D02-CB40-487C-8B26-2169E0522565}.Debug|x64.ActiveCfg = Debug|Any CPU
		{CC9F9D02-CB40-487C-8B26-2169E0522565}.Debug|x64.Build.0 = Debug|Any CPU
		{CC9F9D02-CB40-487C-8B26-2169E0522565}.Debug|x86.ActiveCfg = Debug|Any CPU
		{CC9F9D02-CB40-487C-8B26-2169E0522565}.Debug|x86.Build.0 = Debug|Any CPU
		{CC9F9D02-CB40-487C-8B26-2169E0522565}.Release|Any CPU.ActiveCfg = Release|Any CPU
		{CC9F9D02-CB40-487C-8B26-2169E0522565}.Release|Any CPU.Build.0 = Release|Any CPU
		{CC9F9D02-CB40-487C-8B26-2169E0522565}.Release|ARM64.ActiveCfg = Release|Any CPU
		{CC9F9D02-CB40-487C-8B26-2169E0522565}.Release|ARM64.Build.0 = Release|Any CPU
		{CC9F9D02-CB40-487C-8B26-2169E0522565}.Release|x64.ActiveCfg = Release|Any CPU
		{CC9F9D02-CB40-487C-8B26-2169E0522565}.Release|x64.Build.0 = Release|Any CPU
		{CC9F9D02-CB40-487C-8B26-2169E0522565}.Release|x86.ActiveCfg = Release|Any CPU
		{CC9F9D02-CB40-487C-8B26-2169E0522565}.Release|x86.Build.0 = Release|Any CPU
		{9A19103F-16F7-4668-BE54-9A1E7A4F7556}.Debug|Any CPU.ActiveCfg = Debug|Any CPU
		{9A19103F-16F7-4668-BE54-9A1E7A4F7556}.Debug|Any CPU.Build.0 = Debug|Any CPU
		{9A19103F-16F7-4668-BE54-9A1E7A4F7556}.Debug|Any CPU.Deploy.0 = Debug|Any CPU
		{9A19103F-16F7-4668-BE54-9A1E7A4F7556}.Debug|ARM64.ActiveCfg = Debug|Any CPU
		{9A19103F-16F7-4668-BE54-9A1E7A4F7556}.Debug|ARM64.Build.0 = Debug|Any CPU
		{9A19103F-16F7-4668-BE54-9A1E7A4F7556}.Debug|ARM64.Deploy.0 = Debug|Any CPU
		{9A19103F-16F7-4668-BE54-9A1E7A4F7556}.Debug|x64.ActiveCfg = Debug|Any CPU
		{9A19103F-16F7-4668-BE54-9A1E7A4F7556}.Debug|x64.Build.0 = Debug|Any CPU
		{9A19103F-16F7-4668-BE54-9A1E7A4F7556}.Debug|x64.Deploy.0 = Debug|Any CPU
		{9A19103F-16F7-4668-BE54-9A1E7A4F7556}.Debug|x86.ActiveCfg = Debug|Any CPU
		{9A19103F-16F7-4668-BE54-9A1E7A4F7556}.Debug|x86.Build.0 = Debug|Any CPU
		{9A19103F-16F7-4668-BE54-9A1E7A4F7556}.Debug|x86.Deploy.0 = Debug|Any CPU
		{9A19103F-16F7-4668-BE54-9A1E7A4F7556}.Release|Any CPU.ActiveCfg = Release|Any CPU
		{9A19103F-16F7-4668-BE54-9A1E7A4F7556}.Release|Any CPU.Build.0 = Release|Any CPU
		{9A19103F-16F7-4668-BE54-9A1E7A4F7556}.Release|Any CPU.Deploy.0 = Release|Any CPU
		{9A19103F-16F7-4668-BE54-9A1E7A4F7556}.Release|ARM64.ActiveCfg = Release|Any CPU
		{9A19103F-16F7-4668-BE54-9A1E7A4F7556}.Release|ARM64.Build.0 = Release|Any CPU
		{9A19103F-16F7-4668-BE54-9A1E7A4F7556}.Release|ARM64.Deploy.0 = Release|Any CPU
		{9A19103F-16F7-4668-BE54-9A1E7A4F7556}.Release|x64.ActiveCfg = Release|Any CPU
		{9A19103F-16F7-4668-BE54-9A1E7A4F7556}.Release|x64.Build.0 = Release|Any CPU
		{9A19103F-16F7-4668-BE54-9A1E7A4F7556}.Release|x64.Deploy.0 = Release|Any CPU
		{9A19103F-16F7-4668-BE54-9A1E7A4F7556}.Release|x86.ActiveCfg = Release|Any CPU
		{9A19103F-16F7-4668-BE54-9A1E7A4F7556}.Release|x86.Build.0 = Release|Any CPU
		{9A19103F-16F7-4668-BE54-9A1E7A4F7556}.Release|x86.Deploy.0 = Release|Any CPU
		{F59455D3-68B4-46F1-A034-7D9E7BEFCBC1}.Debug|Any CPU.ActiveCfg = Debug|Any CPU
		{F59455D3-68B4-46F1-A034-7D9E7BEFCBC1}.Debug|Any CPU.Build.0 = Debug|Any CPU
		{F59455D3-68B4-46F1-A034-7D9E7BEFCBC1}.Debug|ARM64.ActiveCfg = Debug|Any CPU
		{F59455D3-68B4-46F1-A034-7D9E7BEFCBC1}.Debug|ARM64.Build.0 = Debug|Any CPU
		{F59455D3-68B4-46F1-A034-7D9E7BEFCBC1}.Debug|x64.ActiveCfg = Debug|Any CPU
		{F59455D3-68B4-46F1-A034-7D9E7BEFCBC1}.Debug|x64.Build.0 = Debug|Any CPU
		{F59455D3-68B4-46F1-A034-7D9E7BEFCBC1}.Debug|x86.ActiveCfg = Debug|Any CPU
		{F59455D3-68B4-46F1-A034-7D9E7BEFCBC1}.Debug|x86.Build.0 = Debug|Any CPU
		{F59455D3-68B4-46F1-A034-7D9E7BEFCBC1}.Release|Any CPU.ActiveCfg = Release|Any CPU
		{F59455D3-68B4-46F1-A034-7D9E7BEFCBC1}.Release|Any CPU.Build.0 = Release|Any CPU
		{F59455D3-68B4-46F1-A034-7D9E7BEFCBC1}.Release|ARM64.ActiveCfg = Release|Any CPU
		{F59455D3-68B4-46F1-A034-7D9E7BEFCBC1}.Release|ARM64.Build.0 = Release|Any CPU
		{F59455D3-68B4-46F1-A034-7D9E7BEFCBC1}.Release|x64.ActiveCfg = Release|Any CPU
		{F59455D3-68B4-46F1-A034-7D9E7BEFCBC1}.Release|x64.Build.0 = Release|Any CPU
		{F59455D3-68B4-46F1-A034-7D9E7BEFCBC1}.Release|x86.ActiveCfg = Release|Any CPU
		{F59455D3-68B4-46F1-A034-7D9E7BEFCBC1}.Release|x86.Build.0 = Release|Any CPU
	EndGlobalSection
	GlobalSection(SolutionProperties) = preSolution
		HideSolutionNode = FALSE
	EndGlobalSection
	GlobalSection(NestedProjects) = preSolution
		{3299EF0F-B7ED-41C1-AF25-39621BBC22DD} = {8BC9CEB8-8B4A-11D0-8D11-00A0C91BC942}
		{E693E567-D58E-4670-8E2E-51151C7505C3} = {8BC9CEB8-8B4A-11D0-8D11-00A0C91BC942}
		{191A2489-0A11-4F9D-ABDE-3A02AFE9474B} = {8BC9CEB8-8B4A-11D0-8D11-00A0C91BC942}
		{CC9F9D02-CB40-487C-8B26-2169E0522565} = {8BC9CEB8-8B4A-11D0-8D11-00A0C91BC942}
		{9A19103F-16F7-4668-BE54-9A1E7A4F7556} = {3AC096D0-A1C2-E12C-1390-A8335801FDAB}
		{F59455D3-68B4-46F1-A034-7D9E7BEFCBC1} = {90B36EA6-9BDD-4B43-90B8-F9542E7538A9}
	EndGlobalSection
	GlobalSection(ExtensibilityGlobals) = postSolution
		SolutionGuid = {E1E0C0C0-1234-5678-9ABC-DEF012345678}
	EndGlobalSection
EndGlobal
