
Microsoft Visual Studio Solution File, Format Version 12.00
# Visual Studio Version 17
VisualStudioVersion = 17.0.31903.59
MinimumVisualStudioVersion = 10.0.40219.1
Project("{FAE04EC0-301F-11D3-BF4B-00C04F79EFBC}") = "MedRemind.Core", "MedRemind.Core\MedRemind.Core.csproj", "{3299EF0F-B7ED-41C1-AF25-39621BBC22DD}"
EndProject
Project("{FAE04EC0-301F-11D3-BF4B-00C04F79EFBC}") = "MedRemind.Services", "MedRemind.Services\MedRemind.Services.csproj", "{E693E567-D58E-4670-8E2E-51151C7505C3}"
EndProject
Project("{FAE04EC0-301F-11D3-BF4B-00C04F79EFBC}") = "MedRemind.Tests", "MedRemind.Tests\MedRemind.Tests.csproj", "{191A2489-0A11-4F9D-ABDE-3A02AFE9474B}"
EndProject
Project("{FAE04EC0-301F-11D3-BF4B-00C04F79EFBC}") = "MedRemind.API", "MedRemind.API\MedRemind.API.csproj", "{CC9F9D02-CB40-487C-8B26-2169E0522565}"
EndProject
Global
	GlobalSection(SolutionConfigurationPlatforms) = preSolution
		Debug|Any CPU = Debug|Any CPU
		Debug|x64 = Debug|x64
		Debug|x86 = Debug|x86
		Release|Any CPU = Release|Any CPU
		Release|x64 = Release|x64
		Release|x86 = Release|x86
	EndGlobalSection
	GlobalSection(ProjectConfigurationPlatforms) = postSolution
		{3299EF0F-B7ED-41C1-AF25-39621BBC22DD}.Debug|Any CPU.ActiveCfg = Debug|Any CPU
		{3299EF0F-B7ED-41C1-AF25-39621BBC22DD}.Debug|Any CPU.Build.0 = Debug|Any CPU
		{3299EF0F-B7ED-41C1-AF25-39621BBC22DD}.Debug|x64.ActiveCfg = Debug|Any CPU
		{3299EF0F-B7ED-41C1-AF25-39621BBC22DD}.Debug|x64.Build.0 = Debug|Any CPU
		{3299EF0F-B7ED-41C1-AF25-39621BBC22DD}.Debug|x86.ActiveCfg = Debug|Any CPU
		{3299EF0F-B7ED-41C1-AF25-39621BBC22DD}.Debug|x86.Build.0 = Debug|Any CPU
		{3299EF0F-B7ED-41C1-AF25-39621BBC22DD}.Release|Any CPU.ActiveCfg = Release|Any CPU
		{3299EF0F-B7ED-41C1-AF25-39621BBC22DD}.Release|Any CPU.Build.0 = Release|Any CPU
		{3299EF0F-B7ED-41C1-AF25-39621BBC22DD}.Release|x64.ActiveCfg = Release|Any CPU
		{3299EF0F-B7ED-41C1-AF25-39621BBC22DD}.Release|x64.Build.0 = Release|Any CPU
		{3299EF0F-B7ED-41C1-AF25-39621BBC22DD}.Release|x86.ActiveCfg = Release|Any CPU
		{3299EF0F-B7ED-41C1-AF25-39621BBC22DD}.Release|x86.Build.0 = Release|Any CPU
		{E693E567-D58E-4670-8E2E-51151C7505C3}.Debug|Any CPU.ActiveCfg = Debug|Any CPU
		{E693E567-D58E-4670-8E2E-51151C7505C3}.Debug|Any CPU.Build.0 = Debug|Any CPU
		{E693E567-D58E-4670-8E2E-51151C7505C3}.Debug|x64.ActiveCfg = Debug|Any CPU
		{E693E567-D58E-4670-8E2E-51151C7505C3}.Debug|x64.Build.0 = Debug|Any CPU
		{E693E567-D58E-4670-8E2E-51151C7505C3}.Debug|x86.ActiveCfg = Debug|Any CPU
		{E693E567-D58E-4670-8E2E-51151C7505C3}.Debug|x86.Build.0 = Debug|Any CPU
		{E693E567-D58E-4670-8E2E-51151C7505C3}.Release|Any CPU.ActiveCfg = Release|Any CPU
		{E693E567-D58E-4670-8E2E-51151C7505C3}.Release|Any CPU.Build.0 = Release|Any CPU
		{E693E567-D58E-4670-8E2E-51151C7505C3}.Release|x64.ActiveCfg = Release|Any CPU
		{E693E567-D58E-4670-8E2E-51151C7505C3}.Release|x64.Build.0 = Release|Any CPU
		{E693E567-D58E-4670-8E2E-51151C7505C3}.Release|x86.ActiveCfg = Release|Any CPU
		{E693E567-D58E-4670-8E2E-51151C7505C3}.Release|x86.Build.0 = Release|Any CPU
		{191A2489-0A11-4F9D-ABDE-3A02AFE9474B}.Debug|Any CPU.ActiveCfg = Debug|Any CPU
		{191A2489-0A11-4F9D-ABDE-3A02AFE9474B}.Debug|Any CPU.Build.0 = Debug|Any CPU
		{191A2489-0A11-4F9D-ABDE-3A02AFE9474B}.Debug|x64.ActiveCfg = Debug|Any CPU
		{191A2489-0A11-4F9D-ABDE-3A02AFE9474B}.Debug|x64.Build.0 = Debug|Any CPU
		{191A2489-0A11-4F9D-ABDE-3A02AFE9474B}.Debug|x86.ActiveCfg = Debug|Any CPU
		{191A2489-0A11-4F9D-ABDE-3A02AFE9474B}.Debug|x86.Build.0 = Debug|Any CPU
		{191A2489-0A11-4F9D-ABDE-3A02AFE9474B}.Release|Any CPU.ActiveCfg = Release|Any CPU
		{191A2489-0A11-4F9D-ABDE-3A02AFE9474B}.Release|Any CPU.Build.0 = Release|Any CPU
		{191A2489-0A11-4F9D-ABDE-3A02AFE9474B}.Release|x64.ActiveCfg = Release|Any CPU
		{191A2489-0A11-4F9D-ABDE-3A02AFE9474B}.Release|x64.Build.0 = Release|Any CPU
		{191A2489-0A11-4F9D-ABDE-3A02AFE9474B}.Release|x86.ActiveCfg = Release|Any CPU
		{191A2489-0A11-4F9D-ABDE-3A02AFE9474B}.Release|x86.Build.0 = Release|Any CPU
		{CC9F9D02-CB40-487C-8B26-2169E0522565}.Debug|Any CPU.ActiveCfg = Debug|Any CPU
		{CC9F9D02-CB40-487C-8B26-2169E0522565}.Debug|Any CPU.Build.0 = Debug|Any CPU
		{CC9F9D02-CB40-487C-8B26-2169E0522565}.Debug|x64.ActiveCfg = Debug|Any CPU
		{CC9F9D02-CB40-487C-8B26-2169E0522565}.Debug|x64.Build.0 = Debug|Any CPU
		{CC9F9D02-CB40-487C-8B26-2169E0522565}.Debug|x86.ActiveCfg = Debug|Any CPU
		{CC9F9D02-CB40-487C-8B26-2169E0522565}.Debug|x86.Build.0 = Debug|Any CPU
		{CC9F9D02-CB40-487C-8B26-2169E0522565}.Release|Any CPU.ActiveCfg = Release|Any CPU
		{CC9F9D02-CB40-487C-8B26-2169E0522565}.Release|Any CPU.Build.0 = Release|Any CPU
		{CC9F9D02-CB40-487C-8B26-2169E0522565}.Release|x64.ActiveCfg = Release|Any CPU
		{CC9F9D02-CB40-487C-8B26-2169E0522565}.Release|x64.Build.0 = Release|Any CPU
		{CC9F9D02-CB40-487C-8B26-2169E0522565}.Release|x86.ActiveCfg = Release|Any CPU
		{CC9F9D02-CB40-487C-8B26-2169E0522565}.Release|x86.Build.0 = Release|Any CPU
	EndGlobalSection
	GlobalSection(SolutionProperties) = preSolution
		HideSolutionNode = FALSE
	EndGlobalSection
EndGlobal
