
Microsoft Visual Studio Solution File, Format Version 12.00
# Visual Studio Version 17
VisualStudioVersion = 17.0.31903.59
MinimumVisualStudioVersion = 10.0.40219.1
Project("{FAE04EC0-301F-11D3-BF4B-00C04F79EFBC}") = "MedRemind.Core", "MedRemind.Core\MedRemind.Core.csproj", "{B54C6B00-0FDD-46CB-B97F-8ACE71F99A12}"
EndProject
Project("{2150E333-8FDC-42A3-9474-1A3956D46DE8}") = "src", "src", "{827E0CD3-B72D-47B6-A68D-7590B98EB39B}"
EndProject
Project("{FAE04EC0-301F-11D3-BF4B-00C04F79EFBC}") = "MedRemind.Services", "src\MedRemind.Services\MedRemind.Services.csproj", "{D0C5E32E-5259-48EC-A447-009C0CB5E681}"
EndProject
Project("{FAE04EC0-301F-11D3-BF4B-00C04F79EFBC}") = "MedRemind.Tests", "MedRemind.Tests\MedRemind.Tests.csproj", "{C19775A8-E244-4ECC-83FE-C03A8922590D}"
EndProject
Global
	GlobalSection(SolutionConfigurationPlatforms) = preSolution
		Debug|Any CPU = Debug|Any CPU
		Debug|x64 = Debug|x64
		Debug|x86 = Debug|x86
		Release|Any CPU = Release|Any CPU
		Release|x64 = Release|x64
		Release|x86 = Release|x86
	EndGlobalSection
	GlobalSection(ProjectConfigurationPlatforms) = postSolution
		{B54C6B00-0FDD-46CB-B97F-8ACE71F99A12}.Debug|Any CPU.ActiveCfg = Debug|Any CPU
		{B54C6B00-0FDD-46CB-B97F-8ACE71F99A12}.Debug|Any CPU.Build.0 = Debug|Any CPU
		{B54C6B00-0FDD-46CB-B97F-8ACE71F99A12}.Debug|x64.ActiveCfg = Debug|Any CPU
		{B54C6B00-0FDD-46CB-B97F-8ACE71F99A12}.Debug|x64.Build.0 = Debug|Any CPU
		{B54C6B00-0FDD-46CB-B97F-8ACE71F99A12}.Debug|x86.ActiveCfg = Debug|Any CPU
		{B54C6B00-0FDD-46CB-B97F-8ACE71F99A12}.Debug|x86.Build.0 = Debug|Any CPU
		{B54C6B00-0FDD-46CB-B97F-8ACE71F99A12}.Release|Any CPU.ActiveCfg = Release|Any CPU
		{B54C6B00-0FDD-46CB-B97F-8ACE71F99A12}.Release|Any CPU.Build.0 = Release|Any CPU
		{B54C6B00-0FDD-46CB-B97F-8ACE71F99A12}.Release|x64.ActiveCfg = Release|Any CPU
		{B54C6B00-0FDD-46CB-B97F-8ACE71F99A12}.Release|x64.Build.0 = Release|Any CPU
		{B54C6B00-0FDD-46CB-B97F-8ACE71F99A12}.Release|x86.ActiveCfg = Release|Any CPU
		{B54C6B00-0FDD-46CB-B97F-8ACE71F99A12}.Release|x86.Build.0 = Release|Any CPU
		{D0C5E32E-5259-48EC-A447-009C0CB5E681}.Debug|Any CPU.ActiveCfg = Debug|Any CPU
		{D0C5E32E-5259-48EC-A447-009C0CB5E681}.Debug|Any CPU.Build.0 = Debug|Any CPU
		{D0C5E32E-5259-48EC-A447-009C0CB5E681}.Debug|x64.ActiveCfg = Debug|Any CPU
		{D0C5E32E-5259-48EC-A447-009C0CB5E681}.Debug|x64.Build.0 = Debug|Any CPU
		{D0C5E32E-5259-48EC-A447-009C0CB5E681}.Debug|x86.ActiveCfg = Debug|Any CPU
		{D0C5E32E-5259-48EC-A447-009C0CB5E681}.Debug|x86.Build.0 = Debug|Any CPU
		{D0C5E32E-5259-48EC-A447-009C0CB5E681}.Release|Any CPU.ActiveCfg = Release|Any CPU
		{D0C5E32E-5259-48EC-A447-009C0CB5E681}.Release|Any CPU.Build.0 = Release|Any CPU
		{D0C5E32E-5259-48EC-A447-009C0CB5E681}.Release|x64.ActiveCfg = Release|Any CPU
		{D0C5E32E-5259-48EC-A447-009C0CB5E681}.Release|x64.Build.0 = Release|Any CPU
		{D0C5E32E-5259-48EC-A447-009C0CB5E681}.Release|x86.ActiveCfg = Release|Any CPU
		{D0C5E32E-5259-48EC-A447-009C0CB5E681}.Release|x86.Build.0 = Release|Any CPU
		{C19775A8-E244-4ECC-83FE-C03A8922590D}.Debug|Any CPU.ActiveCfg = Debug|Any CPU
		{C19775A8-E244-4ECC-83FE-C03A8922590D}.Debug|Any CPU.Build.0 = Debug|Any CPU
		{C19775A8-E244-4ECC-83FE-C03A8922590D}.Debug|x64.ActiveCfg = Debug|Any CPU
		{C19775A8-E244-4ECC-83FE-C03A8922590D}.Debug|x64.Build.0 = Debug|Any CPU
		{C19775A8-E244-4ECC-83FE-C03A8922590D}.Debug|x86.ActiveCfg = Debug|Any CPU
		{C19775A8-E244-4ECC-83FE-C03A8922590D}.Debug|x86.Build.0 = Debug|Any CPU
		{C19775A8-E244-4ECC-83FE-C03A8922590D}.Release|Any CPU.ActiveCfg = Release|Any CPU
		{C19775A8-E244-4ECC-83FE-C03A8922590D}.Release|Any CPU.Build.0 = Release|Any CPU
		{C19775A8-E244-4ECC-83FE-C03A8922590D}.Release|x64.ActiveCfg = Release|Any CPU
		{C19775A8-E244-4ECC-83FE-C03A8922590D}.Release|x64.Build.0 = Release|Any CPU
		{C19775A8-E244-4ECC-83FE-C03A8922590D}.Release|x86.ActiveCfg = Release|Any CPU
		{C19775A8-E244-4ECC-83FE-C03A8922590D}.Release|x86.Build.0 = Release|Any CPU
	EndGlobalSection
	GlobalSection(SolutionProperties) = preSolution
		HideSolutionNode = FALSE
	EndGlobalSection
	GlobalSection(NestedProjects) = preSolution
		{D0C5E32E-5259-48EC-A447-009C0CB5E681} = {827E0CD3-B72D-47B6-A68D-7590B98EB39B}
	EndGlobalSection
EndGlobal
